
Microsoft Visual Studio Solution File, Format Version 12.00
# Visual Studio Version 17
VisualStudioVersion = 17.8.34525.116
MinimumVisualStudioVersion = 10.0.40219.1
Project("{FAE04EC0-301F-11D3-BF4B-00C04F79EFBC}") = "PruebaIComparable", "PruebaIComparable\PruebaIComparable.csproj", "{296A0996-373B-4025-A9BD-1560DC138FAE}"
EndProject
Global
	GlobalSection(SolutionConfigurationPlatforms) = preSolution
		Debug|Any CPU = Debug|Any CPU
		Release|Any CPU = Release|Any CPU
	EndGlobalSection
	GlobalSection(ProjectConfigurationPlatforms) = postSolution
		{296A0996-373B-4025-A9BD-1560DC138FAE}.Debug|Any CPU.ActiveCfg = Debug|Any CPU
		{296A0996-373B-4025-A9BD-1560DC138FAE}.Debug|Any CPU.Build.0 = Debug|Any CPU
		{296A0996-373B-4025-A9BD-1560DC138FAE}.Release|Any CPU.ActiveCfg = Release|Any CPU
		{296A0996-373B-4025-A9BD-1560DC138FAE}.Release|Any CPU.Build.0 = Release|Any CPU
	EndGlobalSection
	GlobalSection(SolutionProperties) = preSolution
		HideSolutionNode = FALSE
	EndGlobalSection
	GlobalSection(ExtensibilityGlobals) = postSolution
		SolutionGuid = {246CB31A-DF14-4722-856A-F29FF6BB8434}
	EndGlobalSection
EndGlobal
